
Microsoft Visual Studio Solution File, Format Version 11.00
# Visual Studio 2010
Project("{FAE04EC0-301F-11D3-BF4B-00C04F79EFBC}") = "MenuDinamico", "MenuDinamico\MenuDinamico.csproj", "{E0BD5064-BB61-45D3-AF8D-00305DCF6065}"
EndProject
Project("{FAE04EC0-301F-11D3-BF4B-00C04F79EFBC}") = "Data_botones", "t_botones\Data_botones.csproj", "{B52A78F7-7FE8-4C88-BD32-6E4595920666}"
EndProject
Project("{FAE04EC0-301F-11D3-BF4B-00C04F79EFBC}") = "Conexion", "..\..\..\Documents\Visual Studio 2010\Projects\dllConnection\dllConnection\Conexion.csproj", "{E01CF1E6-49AF-42A6-81BE-FA40DA330BBE}"
EndProject
Global
	GlobalSection(SolutionConfigurationPlatforms) = preSolution
		Debug|Any CPU = Debug|Any CPU
		Debug|Mixed Platforms = Debug|Mixed Platforms
		Debug|x86 = Debug|x86
		Release|Any CPU = Release|Any CPU
		Release|Mixed Platforms = Release|Mixed Platforms
		Release|x86 = Release|x86
	EndGlobalSection
	GlobalSection(ProjectConfigurationPlatforms) = postSolution
		{E0BD5064-BB61-45D3-AF8D-00305DCF6065}.Debug|Any CPU.ActiveCfg = Debug|x86
		{E0BD5064-BB61-45D3-AF8D-00305DCF6065}.Debug|Mixed Platforms.ActiveCfg = Debug|x86
		{E0BD5064-BB61-45D3-AF8D-00305DCF6065}.Debug|Mixed Platforms.Build.0 = Debug|x86
		{E0BD5064-BB61-45D3-AF8D-00305DCF6065}.Debug|x86.ActiveCfg = Debug|x86
		{E0BD5064-BB61-45D3-AF8D-00305DCF6065}.Debug|x86.Build.0 = Debug|x86
		{E0BD5064-BB61-45D3-AF8D-00305DCF6065}.Release|Any CPU.ActiveCfg = Release|x86
		{E0BD5064-BB61-45D3-AF8D-00305DCF6065}.Release|Mixed Platforms.ActiveCfg = Release|x86
		{E0BD5064-BB61-45D3-AF8D-00305DCF6065}.Release|Mixed Platforms.Build.0 = Release|x86
		{E0BD5064-BB61-45D3-AF8D-00305DCF6065}.Release|x86.ActiveCfg = Release|x86
		{E0BD5064-BB61-45D3-AF8D-00305DCF6065}.Release|x86.Build.0 = Release|x86
		{B52A78F7-7FE8-4C88-BD32-6E4595920666}.Debug|Any CPU.ActiveCfg = Debug|Any CPU
		{B52A78F7-7FE8-4C88-BD32-6E4595920666}.Debug|Any CPU.Build.0 = Debug|Any CPU
		{B52A78F7-7FE8-4C88-BD32-6E4595920666}.Debug|Mixed Platforms.ActiveCfg = Debug|Any CPU
		{B52A78F7-7FE8-4C88-BD32-6E4595920666}.Debug|Mixed Platforms.Build.0 = Debug|Any CPU
		{B52A78F7-7FE8-4C88-BD32-6E4595920666}.Debug|x86.ActiveCfg = Debug|Any CPU
		{B52A78F7-7FE8-4C88-BD32-6E4595920666}.Release|Any CPU.ActiveCfg = Release|Any CPU
		{B52A78F7-7FE8-4C88-BD32-6E4595920666}.Release|Any CPU.Build.0 = Release|Any CPU
		{B52A78F7-7FE8-4C88-BD32-6E4595920666}.Release|Mixed Platforms.ActiveCfg = Release|Any CPU
		{B52A78F7-7FE8-4C88-BD32-6E4595920666}.Release|Mixed Platforms.Build.0 = Release|Any CPU
		{B52A78F7-7FE8-4C88-BD32-6E4595920666}.Release|x86.ActiveCfg = Release|Any CPU
		{E01CF1E6-49AF-42A6-81BE-FA40DA330BBE}.Debug|Any CPU.ActiveCfg = Debug|Any CPU
		{E01CF1E6-49AF-42A6-81BE-FA40DA330BBE}.Debug|Any CPU.Build.0 = Debug|Any CPU
		{E01CF1E6-49AF-42A6-81BE-FA40DA330BBE}.Debug|Mixed Platforms.ActiveCfg = Debug|Any CPU
		{E01CF1E6-49AF-42A6-81BE-FA40DA330BBE}.Debug|Mixed Platforms.Build.0 = Debug|Any CPU
		{E01CF1E6-49AF-42A6-81BE-FA40DA330BBE}.Debug|x86.ActiveCfg = Debug|Any CPU
		{E01CF1E6-49AF-42A6-81BE-FA40DA330BBE}.Release|Any CPU.ActiveCfg = Release|Any CPU
		{E01CF1E6-49AF-42A6-81BE-FA40DA330BBE}.Release|Any CPU.Build.0 = Release|Any CPU
		{E01CF1E6-49AF-42A6-81BE-FA40DA330BBE}.Release|Mixed Platforms.ActiveCfg = Release|Any CPU
		{E01CF1E6-49AF-42A6-81BE-FA40DA330BBE}.Release|Mixed Platforms.Build.0 = Release|Any CPU
		{E01CF1E6-49AF-42A6-81BE-FA40DA330BBE}.Release|x86.ActiveCfg = Release|Any CPU
	EndGlobalSection
	GlobalSection(SolutionProperties) = preSolution
		HideSolutionNode = FALSE
	EndGlobalSection
EndGlobal
